
Microsoft Visual Studio Solution File, Format Version 12.00
# Visual Studio Version 17
VisualStudioVersion = 17.0.32112.339
MinimumVisualStudioVersion = 10.0.40219.1
Project("{FAE04EC0-301F-11D3-BF4B-00C04F79EFBC}") = "API", "API\API.csproj", "{A7E12153-B314-4DB4-9634-49197364FED9}"
EndProject
Project("{FAE04EC0-301F-11D3-BF4B-00C04F79EFBC}") = "Data", "Data.Layer\Data.csproj", "{FA06EFA5-1A53-4854-9DE7-8B357A78E431}"
EndProject
Project("{FAE04EC0-301F-11D3-BF4B-00C04F79EFBC}") = "Application", "Application\Application.csproj", "{4D1E4EC2-D3CD-4829-BD36-F25EC56E988E}"
EndProject
Global
	GlobalSection(SolutionConfigurationPlatforms) = preSolution
		Debug|Any CPU = Debug|Any CPU
		Release|Any CPU = Release|Any CPU
	EndGlobalSection
	GlobalSection(ProjectConfigurationPlatforms) = postSolution
		{A7E12153-B314-4DB4-9634-49197364FED9}.Debug|Any CPU.ActiveCfg = Debug|Any CPU
		{A7E12153-B314-4DB4-9634-49197364FED9}.Debug|Any CPU.Build.0 = Debug|Any CPU
		{A7E12153-B314-4DB4-9634-49197364FED9}.Release|Any CPU.ActiveCfg = Release|Any CPU
		{A7E12153-B314-4DB4-9634-49197364FED9}.Release|Any CPU.Build.0 = Release|Any CPU
		{FA06EFA5-1A53-4854-9DE7-8B357A78E431}.Debug|Any CPU.ActiveCfg = Debug|Any CPU
		{FA06EFA5-1A53-4854-9DE7-8B357A78E431}.Debug|Any CPU.Build.0 = Debug|Any CPU
		{FA06EFA5-1A53-4854-9DE7-8B357A78E431}.Release|Any CPU.ActiveCfg = Release|Any CPU
		{FA06EFA5-1A53-4854-9DE7-8B357A78E431}.Release|Any CPU.Build.0 = Release|Any CPU
		{4D1E4EC2-D3CD-4829-BD36-F25EC56E988E}.Debug|Any CPU.ActiveCfg = Debug|Any CPU
		{4D1E4EC2-D3CD-4829-BD36-F25EC56E988E}.Debug|Any CPU.Build.0 = Debug|Any CPU
		{4D1E4EC2-D3CD-4829-BD36-F25EC56E988E}.Release|Any CPU.ActiveCfg = Release|Any CPU
		{4D1E4EC2-D3CD-4829-BD36-F25EC56E988E}.Release|Any CPU.Build.0 = Release|Any CPU
	EndGlobalSection
	GlobalSection(SolutionProperties) = preSolution
		HideSolutionNode = FALSE
	EndGlobalSection
	GlobalSection(ExtensibilityGlobals) = postSolution
		SolutionGuid = {DCE5A00F-602D-4955-8549-C48BDF80332E}
	EndGlobalSection
EndGlobal
